
Microsoft Visual Studio Solution File, Format Version 12.00
# Visual Studio Version 17
VisualStudioVersion = 17.1.32228.430
MinimumVisualStudioVersion = 10.0.40219.1
Project("{FAE04EC0-301F-11D3-BF4B-00C04F79EFBC}") = "KPOLaba2", "KPOLaba2\KPOLaba2.csproj", "{317BE0C5-17FA-407C-8F86-1505040B60A1}"
EndProject
Global
	GlobalSection(SolutionConfigurationPlatforms) = preSolution
		Debug|Any CPU = Debug|Any CPU
		Release|Any CPU = Release|Any CPU
	EndGlobalSection
	GlobalSection(ProjectConfigurationPlatforms) = postSolution
		{317BE0C5-17FA-407C-8F86-1505040B60A1}.Debug|Any CPU.ActiveCfg = Debug|Any CPU
		{317BE0C5-17FA-407C-8F86-1505040B60A1}.Debug|Any CPU.Build.0 = Debug|Any CPU
		{317BE0C5-17FA-407C-8F86-1505040B60A1}.Release|Any CPU.ActiveCfg = Release|Any CPU
		{317BE0C5-17FA-407C-8F86-1505040B60A1}.Release|Any CPU.Build.0 = Release|Any CPU
	EndGlobalSection
	GlobalSection(SolutionProperties) = preSolution
		HideSolutionNode = FALSE
	EndGlobalSection
	GlobalSection(ExtensibilityGlobals) = postSolution
		SolutionGuid = {9787B1DC-227A-4000-B663-1C7A3E8E6BCB}
	EndGlobalSection
EndGlobal
